// !$*UTF8*$!
{
	archiveVersion = 1;
	classes = {
	};
	objectVersion = 50;
	objects = {

/* Begin PBXBuildFile section */
		308ABC3534FA6C42175D416E /* libPods-YDSDKDemo.a in Frameworks */ = {isa = PBXBuildFile; fileRef = F92DDD9030446BE7E5C17FB4 /* libPods-YDSDKDemo.a */; };
		797CB809212AA65500798BAA /* LayoutHandler.m in Sources */ = {isa = PBXBuildFile; fileRef = 797CB807212AA65500798BAA /* LayoutHandler.m */; };
		79C8BD182126B81900A03112 /* AppDelegate.m in Sources */ = {isa = PBXBuildFile; fileRef = 79C8BD172126B81900A03112 /* AppDelegate.m */; };
		79C8BD1E2126B81900A03112 /* Main.storyboard in Resources */ = {isa = PBXBuildFile; fileRef = 79C8BD1C2126B81900A03112 /* Main.storyboard */; };
		79C8BD202126B81A00A03112 /* Assets.xcassets in Resources */ = {isa = PBXBuildFile; fileRef = 79C8BD1F2126B81A00A03112 /* Assets.xcassets */; };
		79C8BD232126B81A00A03112 /* LaunchScreen.storyboard in Resources */ = {isa = PBXBuildFile; fileRef = 79C8BD212126B81A00A03112 /* LaunchScreen.storyboard */; };
		79C8BD262126B81A00A03112 /* main.m in Sources */ = {isa = PBXBuildFile; fileRef = 79C8BD252126B81A00A03112 /* main.m */; };
		79C8BD2F2126B9E000A03112 /* YDNewsFeedSDKBundle.bundle in Resources */ = {isa = PBXBuildFile; fileRef = 79C8BD2D2126B9E000A03112 /* YDNewsFeedSDKBundle.bundle */; };
		79C8BD302126B9E000A03112 /* YDNewsFeedSDK.framework in Frameworks */ = {isa = PBXBuildFile; fileRef = 79C8BD2E2126B9E000A03112 /* YDNewsFeedSDK.framework */; };
		79C8BD412126BA3700A03112 /* DemoTabBarController.m in Sources */ = {isa = PBXBuildFile; fileRef = 79C8BD3B2126BA3700A03112 /* DemoTabBarController.m */; };
		79C8BD422126BA3700A03112 /* CustomNewsListSlideViewController.m in Sources */ = {isa = PBXBuildFile; fileRef = 79C8BD3C2126BA3700A03112 /* CustomNewsListSlideViewController.m */; };
		79C8BD432126BA3700A03112 /* CustomNewsListViewController.m in Sources */ = {isa = PBXBuildFile; fileRef = 79C8BD3D2126BA3700A03112 /* CustomNewsListViewController.m */; };
		79C8BD492126BCD100A03112 /* Foundation.framework in Frameworks */ = {isa = PBXBuildFile; fileRef = 79C8BD482126BCD100A03112 /* Foundation.framework */; };
		79C8BD4B2126BCDC00A03112 /* UIKit.framework in Frameworks */ = {isa = PBXBuildFile; fileRef = 79C8BD4A2126BCDC00A03112 /* UIKit.framework */; };
		79C8BD4D2126BCE800A03112 /* libsqlite3.0.tbd in Frameworks */ = {isa = PBXBuildFile; fileRef = 79C8BD4C2126BCE800A03112 /* libsqlite3.0.tbd */; };
/* End PBXBuildFile section */

/* Begin PBXFileReference section */
		165436DB0C671FDBF26798AB /* Pods-YDSDKDemo.debug.xcconfig */ = {isa = PBXFileReference; includeInIndex = 1; lastKnownFileType = text.xcconfig; name = "Pods-YDSDKDemo.debug.xcconfig"; path = "Pods/Target Support Files/Pods-YDSDKDemo/Pods-YDSDKDemo.debug.xcconfig"; sourceTree = "<group>"; };
		17583BD68643D12C677BFF3B /* Pods-YDSDKDemo.release.xcconfig */ = {isa = PBXFileReference; includeInIndex = 1; lastKnownFileType = text.xcconfig; name = "Pods-YDSDKDemo.release.xcconfig"; path = "Pods/Target Support Files/Pods-YDSDKDemo/Pods-YDSDKDemo.release.xcconfig"; sourceTree = "<group>"; };
		797CB807212AA65500798BAA /* LayoutHandler.m */ = {isa = PBXFileReference; fileEncoding = 4; lastKnownFileType = sourcecode.c.objc; path = LayoutHandler.m; sourceTree = "<group>"; };
		797CB808212AA65500798BAA /* LayoutHandler.h */ = {isa = PBXFileReference; fileEncoding = 4; lastKnownFileType = sourcecode.c.h; path = LayoutHandler.h; sourceTree = "<group>"; };
		79C8BD132126B81900A03112 /* YDSDKDemo.app */ = {isa = PBXFileReference; explicitFileType = wrapper.application; includeInIndex = 0; path = YDSDKDemo.app; sourceTree = BUILT_PRODUCTS_DIR; };
		79C8BD162126B81900A03112 /* AppDelegate.h */ = {isa = PBXFileReference; lastKnownFileType = sourcecode.c.h; path = AppDelegate.h; sourceTree = "<group>"; };
		79C8BD172126B81900A03112 /* AppDelegate.m */ = {isa = PBXFileReference; lastKnownFileType = sourcecode.c.objc; path = AppDelegate.m; sourceTree = "<group>"; };
		79C8BD1D2126B81900A03112 /* Base */ = {isa = PBXFileReference; lastKnownFileType = file.storyboard; name = Base; path = Base.lproj/Main.storyboard; sourceTree = "<group>"; };
		79C8BD1F2126B81A00A03112 /* Assets.xcassets */ = {isa = PBXFileReference; lastKnownFileType = folder.assetcatalog; path = Assets.xcassets; sourceTree = "<group>"; };
		79C8BD222126B81A00A03112 /* Base */ = {isa = PBXFileReference; lastKnownFileType = file.storyboard; name = Base; path = Base.lproj/LaunchScreen.storyboard; sourceTree = "<group>"; };
		79C8BD242126B81A00A03112 /* Info.plist */ = {isa = PBXFileReference; lastKnownFileType = text.plist.xml; path = Info.plist; sourceTree = "<group>"; };
		79C8BD252126B81A00A03112 /* main.m */ = {isa = PBXFileReference; lastKnownFileType = sourcecode.c.objc; path = main.m; sourceTree = "<group>"; };
		79C8BD2D2126B9E000A03112 /* YDNewsFeedSDKBundle.bundle */ = {isa = PBXFileReference; lastKnownFileType = "wrapper.plug-in"; path = YDNewsFeedSDKBundle.bundle; sourceTree = "<group>"; };
		79C8BD2E2126B9E000A03112 /* YDNewsFeedSDK.framework */ = {isa = PBXFileReference; lastKnownFileType = wrapper.framework; path = YDNewsFeedSDK.framework; sourceTree = "<group>"; };
		79C8BD3B2126BA3700A03112 /* DemoTabBarController.m */ = {isa = PBXFileReference; fileEncoding = 4; lastKnownFileType = sourcecode.c.objc; path = DemoTabBarController.m; sourceTree = "<group>"; };
		79C8BD3C2126BA3700A03112 /* CustomNewsListSlideViewController.m */ = {isa = PBXFileReference; fileEncoding = 4; lastKnownFileType = sourcecode.c.objc; path = CustomNewsListSlideViewController.m; sourceTree = "<group>"; };
		79C8BD3D2126BA3700A03112 /* CustomNewsListViewController.m */ = {isa = PBXFileReference; fileEncoding = 4; lastKnownFileType = sourcecode.c.objc; path = CustomNewsListViewController.m; sourceTree = "<group>"; };
		79C8BD3E2126BA3700A03112 /* DemoTabBarController.h */ = {isa = PBXFileReference; fileEncoding = 4; lastKnownFileType = sourcecode.c.h; path = DemoTabBarController.h; sourceTree = "<group>"; };
		79C8BD3F2126BA3700A03112 /* CustomNewsListViewController.h */ = {isa = PBXFileReference; fileEncoding = 4; lastKnownFileType = sourcecode.c.h; path = CustomNewsListViewController.h; sourceTree = "<group>"; };
		79C8BD402126BA3700A03112 /* CustomNewsListSlideViewController.h */ = {isa = PBXFileReference; fileEncoding = 4; lastKnownFileType = sourcecode.c.h; path = CustomNewsListSlideViewController.h; sourceTree = "<group>"; };
		79C8BD482126BCD100A03112 /* Foundation.framework */ = {isa = PBXFileReference; lastKnownFileType = wrapper.framework; name = Foundation.framework; path = System/Library/Frameworks/Foundation.framework; sourceTree = SDKROOT; };
		79C8BD4A2126BCDC00A03112 /* UIKit.framework */ = {isa = PBXFileReference; lastKnownFileType = wrapper.framework; name = UIKit.framework; path = System/Library/Frameworks/UIKit.framework; sourceTree = SDKROOT; };
		79C8BD4C2126BCE800A03112 /* libsqlite3.0.tbd */ = {isa = PBXFileReference; lastKnownFileType = "sourcecode.text-based-dylib-definition"; name = libsqlite3.0.tbd; path = usr/lib/libsqlite3.0.tbd; sourceTree = SDKROOT; };
		F92DDD9030446BE7E5C17FB4 /* libPods-YDSDKDemo.a */ = {isa = PBXFileReference; explicitFileType = archive.ar; includeInIndex = 0; path = "libPods-YDSDKDemo.a"; sourceTree = BUILT_PRODUCTS_DIR; };
/* End PBXFileReference section */

/* Begin PBXFrameworksBuildPhase section */
		79C8BD102126B81900A03112 /* Frameworks */ = {
			isa = PBXFrameworksBuildPhase;
			buildActionMask = 2147483647;
			files = (
				79C8BD4D2126BCE800A03112 /* libsqlite3.0.tbd in Frameworks */,
				79C8BD4B2126BCDC00A03112 /* UIKit.framework in Frameworks */,
				79C8BD492126BCD100A03112 /* Foundation.framework in Frameworks */,
				79C8BD302126B9E000A03112 /* YDNewsFeedSDK.framework in Frameworks */,
				308ABC3534FA6C42175D416E /* libPods-YDSDKDemo.a in Frameworks */,
			);
			runOnlyForDeploymentPostprocessing = 0;
		};
/* End PBXFrameworksBuildPhase section */

/* Begin PBXGroup section */
		79C8BD0A2126B81900A03112 = {
			isa = PBXGroup;
			children = (
				79C8BD152126B81900A03112 /* YDSDKDemo */,
				79C8BD142126B81900A03112 /* Products */,
				93F552458D7CC8D440BA3D99 /* Pods */,
				FD7A4523EC1CC67855FDA218 /* Frameworks */,
			);
			sourceTree = "<group>";
		};
		79C8BD142126B81900A03112 /* Products */ = {
			isa = PBXGroup;
			children = (
				79C8BD132126B81900A03112 /* YDSDKDemo.app */,
			);
			name = Products;
			sourceTree = "<group>";
		};
		79C8BD152126B81900A03112 /* YDSDKDemo */ = {
			isa = PBXGroup;
			children = (
				79C8BD3A2126BA3700A03112 /* ViewContoller */,
				79C8BD442126BA6900A03112 /* Util */,
				79C8BD2C2126B9E000A03112 /* SDK */,
				79C8BD162126B81900A03112 /* AppDelegate.h */,
				79C8BD172126B81900A03112 /* AppDelegate.m */,
				79C8BD1C2126B81900A03112 /* Main.storyboard */,
				79C8BD1F2126B81A00A03112 /* Assets.xcassets */,
				79C8BD212126B81A00A03112 /* LaunchScreen.storyboard */,
				79C8BD242126B81A00A03112 /* Info.plist */,
				79C8BD252126B81A00A03112 /* main.m */,
			);
			path = YDSDKDemo;
			sourceTree = "<group>";
		};
		79C8BD2C2126B9E000A03112 /* SDK */ = {
			isa = PBXGroup;
			children = (
				79C8BD2D2126B9E000A03112 /* YDNewsFeedSDKBundle.bundle */,
				79C8BD2E2126B9E000A03112 /* YDNewsFeedSDK.framework */,
			);
			path = SDK;
			sourceTree = "<group>";
		};
		79C8BD3A2126BA3700A03112 /* ViewContoller */ = {
			isa = PBXGroup;
			children = (
				79C8BD3E2126BA3700A03112 /* DemoTabBarController.h */,
				79C8BD3B2126BA3700A03112 /* DemoTabBarController.m */,
				79C8BD3F2126BA3700A03112 /* CustomNewsListViewController.h */,
				79C8BD3D2126BA3700A03112 /* CustomNewsListViewController.m */,
				79C8BD402126BA3700A03112 /* CustomNewsListSlideViewController.h */,
				79C8BD3C2126BA3700A03112 /* CustomNewsListSlideViewController.m */,
			);
			path = ViewContoller;
			sourceTree = "<group>";
		};
		79C8BD442126BA6900A03112 /* Util */ = {
			isa = PBXGroup;
			children = (
				797CB808212AA65500798BAA /* LayoutHandler.h */,
				797CB807212AA65500798BAA /* LayoutHandler.m */,
			);
			path = Util;
			sourceTree = "<group>";
		};
		93F552458D7CC8D440BA3D99 /* Pods */ = {
			isa = PBXGroup;
			children = (
				165436DB0C671FDBF26798AB /* Pods-YDSDKDemo.debug.xcconfig */,
				17583BD68643D12C677BFF3B /* Pods-YDSDKDemo.release.xcconfig */,
			);
			name = Pods;
			sourceTree = "<group>";
		};
		FD7A4523EC1CC67855FDA218 /* Frameworks */ = {
			isa = PBXGroup;
			children = (
				79C8BD4C2126BCE800A03112 /* libsqlite3.0.tbd */,
				79C8BD4A2126BCDC00A03112 /* UIKit.framework */,
				79C8BD482126BCD100A03112 /* Foundation.framework */,
				F92DDD9030446BE7E5C17FB4 /* libPods-YDSDKDemo.a */,
			);
			name = Frameworks;
			sourceTree = "<group>";
		};
/* End PBXGroup section */

/* Begin PBXNativeTarget section */
		79C8BD122126B81900A03112 /* YDSDKDemo */ = {
			isa = PBXNativeTarget;
			buildConfigurationList = 79C8BD292126B81A00A03112 /* Build configuration list for PBXNativeTarget "YDSDKDemo" */;
			buildPhases = (
				B62EBDC1E961B91063B1AA3A /* [CP] Check Pods Manifest.lock */,
				79C8BD0F2126B81900A03112 /* Sources */,
				79C8BD102126B81900A03112 /* Frameworks */,
				79C8BD112126B81900A03112 /* Resources */,
			);
			buildRules = (
			);
			dependencies = (
			);
			name = YDSDKDemo;
			productName = YDSDKDemo;
			productReference = 79C8BD132126B81900A03112 /* YDSDKDemo.app */;
			productType = "com.apple.product-type.application";
		};
/* End PBXNativeTarget section */

/* Begin PBXProject section */
		79C8BD0B2126B81900A03112 /* Project object */ = {
			isa = PBXProject;
			attributes = {
				LastUpgradeCheck = 0940;
				ORGANIZATIONNAME = zhoutao;
				TargetAttributes = {
					79C8BD122126B81900A03112 = {
						CreatedOnToolsVersion = 9.4.1;
					};
				};
			};
			buildConfigurationList = 79C8BD0E2126B81900A03112 /* Build configuration list for PBXProject "YDSDKDemo" */;
			compatibilityVersion = "Xcode 9.3";
			developmentRegion = en;
			hasScannedForEncodings = 0;
			knownRegions = (
				en,
				Base,
			);
			mainGroup = 79C8BD0A2126B81900A03112;
			productRefGroup = 79C8BD142126B81900A03112 /* Products */;
			projectDirPath = "";
			projectRoot = "";
			targets = (
				79C8BD122126B81900A03112 /* YDSDKDemo */,
			);
		};
/* End PBXProject section */

/* Begin PBXResourcesBuildPhase section */
		79C8BD112126B81900A03112 /* Resources */ = {
			isa = PBXResourcesBuildPhase;
			buildActionMask = 2147483647;
			files = (
				79C8BD2F2126B9E000A03112 /* YDNewsFeedSDKBundle.bundle in Resources */,
				79C8BD232126B81A00A03112 /* LaunchScreen.storyboard in Resources */,
				79C8BD202126B81A00A03112 /* Assets.xcassets in Resources */,
				79C8BD1E2126B81900A03112 /* Main.storyboard in Resources */,
			);
			runOnlyForDeploymentPostprocessing = 0;
		};
/* End PBXResourcesBuildPhase section */

/* Begin PBXShellScriptBuildPhase section */
		B62EBDC1E961B91063B1AA3A /* [CP] Check Pods Manifest.lock */ = {
			isa = PBXShellScriptBuildPhase;
			buildActionMask = 2147483647;
			files = (
			);
			inputPaths = (
				"${PODS_PODFILE_DIR_PATH}/Podfile.lock",
				"${PODS_ROOT}/Manifest.lock",
			);
			name = "[CP] Check Pods Manifest.lock";
			outputPaths = (
				"$(DERIVED_FILE_DIR)/Pods-YDSDKDemo-checkManifestLockResult.txt",
			);
			runOnlyForDeploymentPostprocessing = 0;
			shellPath = /bin/sh;
			shellScript = "diff \"${PODS_PODFILE_DIR_PATH}/Podfile.lock\" \"${PODS_ROOT}/Manifest.lock\" > /dev/null\nif [ $? != 0 ] ; then\n    # print error to STDERR\n    echo \"error: The sandbox is not in sync with the Podfile.lock. Run 'pod install' or update your CocoaPods installation.\" >&2\n    exit 1\nfi\n# This output is used by Xcode 'outputs' to avoid re-running this script phase.\necho \"SUCCESS\" > \"${SCRIPT_OUTPUT_FILE_0}\"\n";
			showEnvVarsInLog = 0;
		};
/* End PBXShellScriptBuildPhase section */

/* Begin PBXSourcesBuildPhase section */
		79C8BD0F2126B81900A03112 /* Sources */ = {
			isa = PBXSourcesBuildPhase;
			buildActionMask = 2147483647;
			files = (
				797CB809212AA65500798BAA /* LayoutHandler.m in Sources */,
				79C8BD262126B81A00A03112 /* main.m in Sources */,
				79C8BD182126B81900A03112 /* AppDelegate.m in Sources */,
				79C8BD422126BA3700A03112 /* CustomNewsListSlideViewController.m in Sources */,
				79C8BD412126BA3700A03112 /* DemoTabBarController.m in Sources */,
				79C8BD432126BA3700A03112 /* CustomNewsListViewController.m in Sources */,
			);
			runOnlyForDeploymentPostprocessing = 0;
		};
/* End PBXSourcesBuildPhase section */

/* Begin PBXVariantGroup section */
		79C8BD1C2126B81900A03112 /* Main.storyboard */ = {
			isa = PBXVariantGroup;
			children = (
				79C8BD1D2126B81900A03112 /* Base */,
			);
			name = Main.storyboard;
			sourceTree = "<group>";
		};
		79C8BD212126B81A00A03112 /* LaunchScreen.storyboard */ = {
			isa = PBXVariantGroup;
			children = (
				79C8BD222126B81A00A03112 /* Base */,
			);
			name = LaunchScreen.storyboard;
			sourceTree = "<group>";
		};
/* End PBXVariantGroup section */

/* Begin XCBuildConfiguration section */
		79C8BD272126B81A00A03112 /* Debug */ = {
			isa = XCBuildConfiguration;
			buildSettings = {
				ALWAYS_SEARCH_USER_PATHS = NO;
				CLANG_ANALYZER_NONNULL = YES;
				CLANG_ANALYZER_NUMBER_OBJECT_CONVERSION = YES_AGGRESSIVE;
				CLANG_CXX_LANGUAGE_STANDARD = "gnu++14";
				CLANG_CXX_LIBRARY = "libc++";
				CLANG_ENABLE_MODULES = YES;
				CLANG_ENABLE_OBJC_ARC = YES;
				CLANG_ENABLE_OBJC_WEAK = YES;
				CLANG_WARN_BLOCK_CAPTURE_AUTORELEASING = YES;
				CLANG_WARN_BOOL_CONVERSION = YES;
				CLANG_WARN_COMMA = YES;
				CLANG_WARN_CONSTANT_CONVERSION = YES;
				CLANG_WARN_DEPRECATED_OBJC_IMPLEMENTATIONS = YES;
				CLANG_WARN_DIRECT_OBJC_ISA_USAGE = YES_ERROR;
				CLANG_WARN_DOCUMENTATION_COMMENTS = YES;
				CLANG_WARN_EMPTY_BODY = YES;
				CLANG_WARN_ENUM_CONVERSION = YES;
				CLANG_WARN_INFINITE_RECURSION = YES;
				CLANG_WARN_INT_CONVERSION = YES;
				CLANG_WARN_NON_LITERAL_NULL_CONVERSION = YES;
				CLANG_WARN_OBJC_IMPLICIT_RETAIN_SELF = YES;
				CLANG_WARN_OBJC_LITERAL_CONVERSION = YES;
				CLANG_WARN_OBJC_ROOT_CLASS = YES_ERROR;
				CLANG_WARN_RANGE_LOOP_ANALYSIS = YES;
				CLANG_WARN_STRICT_PROTOTYPES = YES;
				CLANG_WARN_SUSPICIOUS_MOVE = YES;
				CLANG_WARN_UNGUARDED_AVAILABILITY = YES_AGGRESSIVE;
				CLANG_WARN_UNREACHABLE_CODE = YES;
				CLANG_WARN__DUPLICATE_METHOD_MATCH = YES;
				CODE_SIGN_IDENTITY = "iPhone Developer";
				COPY_PHASE_STRIP = NO;
				DEBUG_INFORMATION_FORMAT = dwarf;
				ENABLE_STRICT_OBJC_MSGSEND = YES;
				ENABLE_TESTABILITY = YES;
				GCC_C_LANGUAGE_STANDARD = gnu11;
				GCC_DYNAMIC_NO_PIC = NO;
				GCC_NO_COMMON_BLOCKS = YES;
				GCC_OPTIMIZATION_LEVEL = 0;
				GCC_PREPROCESSOR_DEFINITIONS = (
					"DEBUG=1",
					"$(inherited)",
				);
				GCC_WARN_64_TO_32_BIT_CONVERSION = YES;
				GCC_WARN_ABOUT_RETURN_TYPE = YES_ERROR;
				GCC_WARN_UNDECLARED_SELECTOR = YES;
				GCC_WARN_UNINITIALIZED_AUTOS = YES_AGGRESSIVE;
				GCC_WARN_UNUSED_FUNCTION = YES;
				GCC_WARN_UNUSED_VARIABLE = YES;
				IPHONEOS_DEPLOYMENT_TARGET = 8.0;
				MTL_ENABLE_DEBUG_INFO = YES;
				ONLY_ACTIVE_ARCH = YES;
				SDKROOT = iphoneos;
			};
			name = Debug;
		};
		79C8BD282126B81A00A03112 /* Release */ = {
			isa = XCBuildConfiguration;
			buildSettings = {
				ALWAYS_SEARCH_USER_PATHS = NO;
				CLANG_ANALYZER_NONNULL = YES;
				CLANG_ANALYZER_NUMBER_OBJECT_CONVERSION = YES_AGGRESSIVE;
				CLANG_CXX_LANGUAGE_STANDARD = "gnu++14";
				CLANG_CXX_LIBRARY = "libc++";
				CLANG_ENABLE_MODULES = YES;
				CLANG_ENABLE_OBJC_ARC = YES;
				CLANG_ENABLE_OBJC_WEAK = YES;
				CLANG_WARN_BLOCK_CAPTURE_AUTORELEASING = YES;
				CLANG_WARN_BOOL_CONVERSION = YES;
				CLANG_WARN_COMMA = YES;
				CLANG_WARN_CONSTANT_CONVERSION = YES;
				CLANG_WARN_DEPRECATED_OBJC_IMPLEMENTATIONS = YES;
				CLANG_WARN_DIRECT_OBJC_ISA_USAGE = YES_ERROR;
				CLANG_WARN_DOCUMENTATION_COMMENTS = YES;
				CLANG_WARN_EMPTY_BODY = YES;
				CLANG_WARN_ENUM_CONVERSION = YES;
				CLANG_WARN_INFINITE_RECURSION = YES;
				CLANG_WARN_INT_CONVERSION = YES;
				CLANG_WARN_NON_LITERAL_NULL_CONVERSION = YES;
				CLANG_WARN_OBJC_IMPLICIT_RETAIN_SELF = YES;
				CLANG_WARN_OBJC_LITERAL_CONVERSION = YES;
				CLANG_WARN_OBJC_ROOT_CLASS = YES_ERROR;
				CLANG_WARN_RANGE_LOOP_ANALYSIS = YES;
				CLANG_WARN_STRICT_PROTOTYPES = YES;
				CLANG_WARN_SUSPICIOUS_MOVE = YES;
				CLANG_WARN_UNGUARDED_AVAILABILITY = YES_AGGRESSIVE;
				CLANG_WARN_UNREACHABLE_CODE = YES;
				CLANG_WARN__DUPLICATE_METHOD_MATCH = YES;
				CODE_SIGN_IDENTITY = "iPhone Developer";
				COPY_PHASE_STRIP = NO;
				DEBUG_INFORMATION_FORMAT = "dwarf-with-dsym";
				ENABLE_NS_ASSERTIONS = NO;
				ENABLE_STRICT_OBJC_MSGSEND = YES;
				GCC_C_LANGUAGE_STANDARD = gnu11;
				GCC_NO_COMMON_BLOCKS = YES;
				GCC_WARN_64_TO_32_BIT_CONVERSION = YES;
				GCC_WARN_ABOUT_RETURN_TYPE = YES_ERROR;
				GCC_WARN_UNDECLARED_SELECTOR = YES;
				GCC_WARN_UNINITIALIZED_AUTOS = YES_AGGRESSIVE;
				GCC_WARN_UNUSED_FUNCTION = YES;
				GCC_WARN_UNUSED_VARIABLE = YES;
				IPHONEOS_DEPLOYMENT_TARGET = 8.0;
				MTL_ENABLE_DEBUG_INFO = NO;
				SDKROOT = iphoneos;
				VALIDATE_PRODUCT = YES;
			};
			name = Release;
		};
		79C8BD2A2126B81A00A03112 /* Debug */ = {
			isa = XCBuildConfiguration;
			baseConfigurationReference = 165436DB0C671FDBF26798AB /* Pods-YDSDKDemo.debug.xcconfig */;
			buildSettings = {
				ASSETCATALOG_COMPILER_APPICON_NAME = AppIcon;
				CODE_SIGN_STYLE = Manual;
				DEVELOPMENT_TEAM = "";
				ENABLE_BITCODE = NO;
				FRAMEWORK_SEARCH_PATHS = (
					"$(inherited)",
					"$(PROJECT_DIR)/YDSDKDemo/SDK",
				);
				INFOPLIST_FILE = YDSDKDemo/Info.plist;
				IPHONEOS_DEPLOYMENT_TARGET = 8.0;
				LD_RUNPATH_SEARCH_PATHS = (
					"$(inherited)",
					"@executable_path/Frameworks",
				);
				PRODUCT_BUNDLE_IDENTIFIER = yidian.com.YDSDKDemo;
				PRODUCT_NAME = "$(TARGET_NAME)";
				PROVISIONING_PROFILE_SPECIFIER = "";
				TARGETED_DEVICE_FAMILY = "1,2";
			};
			name = Debug;
		};
		79C8BD2B2126B81A00A03112 /* Release */ = {
			isa = XCBuildConfiguration;
			baseConfigurationReference = 17583BD68643D12C677BFF3B /* Pods-YDSDKDemo.release.xcconfig */;
			buildSettings = {
				ASSETCATALOG_COMPILER_APPICON_NAME = AppIcon;
				CODE_SIGN_STYLE = Manual;
				DEVELOPMENT_TEAM = "";
				ENABLE_BITCODE = NO;
				FRAMEWORK_SEARCH_PATHS = (
					"$(inherited)",
					"$(PROJECT_DIR)/YDSDKDemo/SDK",
				);
				INFOPLIST_FILE = YDSDKDemo/Info.plist;
				IPHONEOS_DEPLOYMENT_TARGET = 8.0;
				LD_RUNPATH_SEARCH_PATHS = (
					"$(inherited)",
					"@executable_path/Frameworks",
				);
				PRODUCT_BUNDLE_IDENTIFIER = yidian.com.YDSDKDemo;
				PRODUCT_NAME = "$(TARGET_NAME)";
				PROVISIONING_PROFILE_SPECIFIER = "";
				TARGETED_DEVICE_FAMILY = "1,2";
			};
			name = Release;
		};
/* End XCBuildConfiguration section */

/* Begin XCConfigurationList section */
		79C8BD0E2126B81900A03112 /* Build configuration list for PBXProject "YDSDKDemo" */ = {
			isa = XCConfigurationList;
			buildConfigurations = (
				79C8BD272126B81A00A03112 /* Debug */,
				79C8BD282126B81A00A03112 /* Release */,
			);
			defaultConfigurationIsVisible = 0;
			defaultConfigurationName = Release;
		};
		79C8BD292126B81A00A03112 /* Build configuration list for PBXNativeTarget "YDSDKDemo" */ = {
			isa = XCConfigurationList;
			buildConfigurations = (
				79C8BD2A2126B81A00A03112 /* Debug */,
				79C8BD2B2126B81A00A03112 /* Release */,
			);
			defaultConfigurationIsVisible = 0;
			defaultConfigurationName = Release;
		};
/* End XCConfigurationList section */
	};
	rootObject = 79C8BD0B2126B81900A03112 /* Project object */;
}
